// !$*UTF8*$!
{
	archiveVersion = 1;
	classes = {
	};
	objectVersion = 42;
	objects = {

/* Begin PBXBuildFile section */
		54BA98DD0E48ED4800925F48 /* Carbon.framework in Frameworks */ = {isa = PBXBuildFile; fileRef = 54BA98DA0E48ED4800925F48 /* Carbon.framework */; };
		54BA98DE0E48ED4800925F48 /* Cocoa.framework in Frameworks */ = {isa = PBXBuildFile; fileRef = 54BA98DB0E48ED4800925F48 /* Cocoa.framework */; };
		54BA98DF0E48ED4800925F48 /* OpenGL.framework in Frameworks */ = {isa = PBXBuildFile; fileRef = 54BA98DC0E48ED4800925F48 /* OpenGL.framework */; };
		54BA98EB0E48ED6000925F48 /* libIrrlicht.a in Frameworks */ = {isa = PBXBuildFile; fileRef = 54BA98E90E48ED6000925F48 /* libIrrlicht.a */; };
		54BA98EC0E48ED6000925F48 /* MainMenu.nib in Resources */ = {isa = PBXBuildFile; fileRef = 54BA98EA0E48ED6000925F48 /* MainMenu.nib */; };
		54BA98FD0E48ED7C00925F48 /* GridsEvent.cpp in Sources */ = {isa = PBXBuildFile; fileRef = 54BA98F20E48ED7C00925F48 /* GridsEvent.cpp */; };
		54BA98FE0E48ED7C00925F48 /* GridsOcto.cpp in Sources */ = {isa = PBXBuildFile; fileRef = 54BA98F70E48ED7C00925F48 /* GridsOcto.cpp */; };
		54BA98FF0E48ED7C00925F48 /* GridsQueue.cpp in Sources */ = {isa = PBXBuildFile; fileRef = 54BA98F80E48ED7C00925F48 /* GridsQueue.cpp */; };
		54BA99000E48ED7C00925F48 /* GridsQueueNode.cpp in Sources */ = {isa = PBXBuildFile; fileRef = 54BA98FA0E48ED7C00925F48 /* GridsQueueNode.cpp */; };
		54BA99010E48ED7C00925F48 /* main.cpp in Sources */ = {isa = PBXBuildFile; fileRef = 54BA98FC0E48ED7C00925F48 /* main.cpp */; };
/* End PBXBuildFile section */

/* Begin PBXFileReference section */
		54BA98CB0E48ECBD00925F48 /* grids_construct.app */ = {isa = PBXFileReference; explicitFileType = wrapper.application; includeInIndex = 0; path = grids_construct.app; sourceTree = BUILT_PRODUCTS_DIR; };
		54BA98CE0E48ECBD00925F48 /* grids_construct-Info.plist */ = {isa = PBXFileReference; lastKnownFileType = text.plist.xml; path = "grids_construct-Info.plist"; sourceTree = "<group>"; };
		54BA98DA0E48ED4800925F48 /* Carbon.framework */ = {isa = PBXFileReference; lastKnownFileType = wrapper.framework; name = Carbon.framework; path = /System/Library/Frameworks/Carbon.framework; sourceTree = "<absolute>"; };
		54BA98DB0E48ED4800925F48 /* Cocoa.framework */ = {isa = PBXFileReference; lastKnownFileType = wrapper.framework; name = Cocoa.framework; path = /System/Library/Frameworks/Cocoa.framework; sourceTree = "<absolute>"; };
		54BA98DC0E48ED4800925F48 /* OpenGL.framework */ = {isa = PBXFileReference; lastKnownFileType = wrapper.framework; name = OpenGL.framework; path = /System/Library/Frameworks/OpenGL.framework; sourceTree = "<absolute>"; };
		54BA98E90E48ED6000925F48 /* libIrrlicht.a */ = {isa = PBXFileReference; lastKnownFileType = archive.ar; name = libIrrlicht.a; path = ../../lib_osx/libIrrlicht.a; sourceTree = SOURCE_ROOT; };
		54BA98EA0E48ED6000925F48 /* MainMenu.nib */ = {isa = PBXFileReference; lastKnownFileType = wrapper.nib; name = MainMenu.nib; path = ../../lib_osx/MainMenu.nib; sourceTree = SOURCE_ROOT; };
		54BA98F10E48ED7C00925F48 /* GridsDefine.h */ = {isa = PBXFileReference; fileEncoding = 4; lastKnownFileType = sourcecode.c.h; path = GridsDefine.h; sourceTree = "<group>"; };
		54BA98F20E48ED7C00925F48 /* GridsEvent.cpp */ = {isa = PBXFileReference; fileEncoding = 4; lastKnownFileType = sourcecode.cpp.cpp; path = GridsEvent.cpp; sourceTree = "<group>"; };
		54BA98F30E48ED7C00925F48 /* GridsEvent.h */ = {isa = PBXFileReference; fileEncoding = 4; lastKnownFileType = sourcecode.c.h; path = GridsEvent.h; sourceTree = "<group>"; };
		54BA98F40E48ED7C00925F48 /* GridsHashList.h */ = {isa = PBXFileReference; fileEncoding = 4; lastKnownFileType = sourcecode.c.h; path = GridsHashList.h; sourceTree = "<group>"; };
		54BA98F50E48ED7C00925F48 /* GridsHashNode.h */ = {isa = PBXFileReference; fileEncoding = 4; lastKnownFileType = sourcecode.c.h; path = GridsHashNode.h; sourceTree = "<group>"; };
		54BA98F60E48ED7C00925F48 /* GridsInQueue.h */ = {isa = PBXFileReference; fileEncoding = 4; lastKnownFileType = sourcecode.c.h; path = GridsInQueue.h; sourceTree = "<group>"; };
		54BA98F70E48ED7C00925F48 /* GridsOcto.cpp */ = {isa = PBXFileReference; fileEncoding = 4; lastKnownFileType = sourcecode.cpp.cpp; path = GridsOcto.cpp; sourceTree = "<group>"; };
		54BA98F80E48ED7C00925F48 /* GridsQueue.cpp */ = {isa = PBXFileReference; fileEncoding = 4; lastKnownFileType = sourcecode.cpp.cpp; path = GridsQueue.cpp; sourceTree = "<group>"; };
		54BA98F90E48ED7C00925F48 /* GridsQueue.h */ = {isa = PBXFileReference; fileEncoding = 4; lastKnownFileType = sourcecode.c.h; path = GridsQueue.h; sourceTree = "<group>"; };
		54BA98FA0E48ED7C00925F48 /* GridsQueueNode.cpp */ = {isa = PBXFileReference; fileEncoding = 4; lastKnownFileType = sourcecode.cpp.cpp; path = GridsQueueNode.cpp; sourceTree = "<group>"; };
		54BA98FB0E48ED7C00925F48 /* GridsQueueNode.h */ = {isa = PBXFileReference; fileEncoding = 4; lastKnownFileType = sourcecode.c.h; path = GridsQueueNode.h; sourceTree = "<group>"; };
		54BA98FC0E48ED7C00925F48 /* main.cpp */ = {isa = PBXFileReference; fileEncoding = 4; lastKnownFileType = sourcecode.cpp.cpp; path = main.cpp; sourceTree = "<group>"; };
/* End PBXFileReference section */

/* Begin PBXFrameworksBuildPhase section */
		54BA98C90E48ECBD00925F48 /* Frameworks */ = {
			isa = PBXFrameworksBuildPhase;
			buildActionMask = 2147483647;
			files = (
				54BA98DD0E48ED4800925F48 /* Carbon.framework in Frameworks */,
				54BA98DE0E48ED4800925F48 /* Cocoa.framework in Frameworks */,
				54BA98DF0E48ED4800925F48 /* OpenGL.framework in Frameworks */,
				54BA98EB0E48ED6000925F48 /* libIrrlicht.a in Frameworks */,
			);
			runOnlyForDeploymentPostprocessing = 0;
		};
/* End PBXFrameworksBuildPhase section */

/* Begin PBXGroup section */
		54BA98BB0E48ECAF00925F48 = {
			isa = PBXGroup;
			children = (
				54BA98F10E48ED7C00925F48 /* GridsDefine.h */,
				54BA98F20E48ED7C00925F48 /* GridsEvent.cpp */,
				54BA98F30E48ED7C00925F48 /* GridsEvent.h */,
				54BA98F40E48ED7C00925F48 /* GridsHashList.h */,
				54BA98F50E48ED7C00925F48 /* GridsHashNode.h */,
				54BA98F60E48ED7C00925F48 /* GridsInQueue.h */,
				54BA98F70E48ED7C00925F48 /* GridsOcto.cpp */,
				54BA98F80E48ED7C00925F48 /* GridsQueue.cpp */,
				54BA98F90E48ED7C00925F48 /* GridsQueue.h */,
				54BA98FA0E48ED7C00925F48 /* GridsQueueNode.cpp */,
				54BA98FB0E48ED7C00925F48 /* GridsQueueNode.h */,
				54BA98FC0E48ED7C00925F48 /* main.cpp */,
				54BA98E90E48ED6000925F48 /* libIrrlicht.a */,
				54BA98EA0E48ED6000925F48 /* MainMenu.nib */,
				54BA98DA0E48ED4800925F48 /* Carbon.framework */,
				54BA98DB0E48ED4800925F48 /* Cocoa.framework */,
				54BA98DC0E48ED4800925F48 /* OpenGL.framework */,
				54BA98CC0E48ECBD00925F48 /* Products */,
				54BA98CE0E48ECBD00925F48 /* grids_construct-Info.plist */,
			);
			sourceTree = "<group>";
		};
		54BA98CC0E48ECBD00925F48 /* Products */ = {
			isa = PBXGroup;
			children = (
				54BA98CB0E48ECBD00925F48 /* grids_construct.app */,
			);
			name = Products;
			sourceTree = "<group>";
		};
/* End PBXGroup section */

/* Begin PBXNativeTarget section */
		54BA98CA0E48ECBD00925F48 /* grids_construct */ = {
			isa = PBXNativeTarget;
			buildConfigurationList = 54BA98D10E48ECBD00925F48 /* Build configuration list for PBXNativeTarget "grids_construct" */;
			buildPhases = (
				54BA98C70E48ECBD00925F48 /* Resources */,
				54BA98C80E48ECBD00925F48 /* Sources */,
				54BA98C90E48ECBD00925F48 /* Frameworks */,
			);
			buildRules = (
			);
			dependencies = (
			);
			name = grids_construct;
			productName = grids_construct;
			productReference = 54BA98CB0E48ECBD00925F48 /* grids_construct.app */;
			productType = "com.apple.product-type.application";
		};
/* End PBXNativeTarget section */

/* Begin PBXProject section */
		54BA98BD0E48ECAF00925F48 /* Project object */ = {
			isa = PBXProject;
			buildConfigurationList = 54BA98C00E48ECAF00925F48 /* Build configuration list for PBXProject "grids_view" */;
			compatibilityVersion = "Xcode 2.4";
			hasScannedForEncodings = 0;
			mainGroup = 54BA98BB0E48ECAF00925F48;
			productRefGroup = 54BA98CC0E48ECBD00925F48 /* Products */;
			projectDirPath = "";
			projectRoot = "";
			targets = (
				54BA98CA0E48ECBD00925F48 /* grids_construct */,
			);
		};
/* End PBXProject section */

/* Begin PBXResourcesBuildPhase section */
		54BA98C70E48ECBD00925F48 /* Resources */ = {
			isa = PBXResourcesBuildPhase;
			buildActionMask = 2147483647;
			files = (
				54BA98EC0E48ED6000925F48 /* MainMenu.nib in Resources */,
			);
			runOnlyForDeploymentPostprocessing = 0;
		};
/* End PBXResourcesBuildPhase section */

/* Begin PBXSourcesBuildPhase section */
		54BA98C80E48ECBD00925F48 /* Sources */ = {
			isa = PBXSourcesBuildPhase;
			buildActionMask = 2147483647;
			files = (
				54BA98FD0E48ED7C00925F48 /* GridsEvent.cpp in Sources */,
				54BA98FE0E48ED7C00925F48 /* GridsOcto.cpp in Sources */,
				54BA98FF0E48ED7C00925F48 /* GridsQueue.cpp in Sources */,
				54BA99000E48ED7C00925F48 /* GridsQueueNode.cpp in Sources */,
				54BA99010E48ED7C00925F48 /* main.cpp in Sources */,
			);
			runOnlyForDeploymentPostprocessing = 0;
		};
/* End PBXSourcesBuildPhase section */

/* Begin XCBuildConfiguration section */
		54BA98BE0E48ECAF00925F48 /* Debug */ = {
			isa = XCBuildConfiguration;
			buildSettings = {
				COPY_PHASE_STRIP = NO;
				HEADER_SEARCH_PATHS = /Users/tierney/Xcode_Projects/irrlicht_1.4.1/include;
				SDKROOT = /Developer/SDKs/MacOSX10.4u.sdk;
			};
			name = Debug;
		};
		54BA98BF0E48ECAF00925F48 /* Release */ = {
			isa = XCBuildConfiguration;
			buildSettings = {
				COPY_PHASE_STRIP = YES;
				HEADER_SEARCH_PATHS = /Users/tierney/Xcode_Projects/irrlicht_1.4.1/include;
				SDKROOT = /Developer/SDKs/MacOSX10.4u.sdk;
			};
			name = Release;
		};
		54BA98CF0E48ECBD00925F48 /* Debug */ = {
			isa = XCBuildConfiguration;
			buildSettings = {
				COPY_PHASE_STRIP = NO;
				GCC_DYNAMIC_NO_PIC = NO;
				GCC_ENABLE_FIX_AND_CONTINUE = YES;
				GCC_MODEL_TUNING = G5;
				GCC_OPTIMIZATION_LEVEL = 0;
				GCC_PRECOMPILE_PREFIX_HEADER = YES;
				GCC_PREFIX_HEADER = "$(SYSTEM_LIBRARY_DIR)/Frameworks/Carbon.framework/Headers/Carbon.h";
				INFOPLIST_FILE = "grids_construct-Info.plist";
				INSTALL_PATH = "$(HOME)/Applications";
				LIBRARY_SEARCH_PATHS = (
					"$(inherited)",
					"$(LIBRARY_SEARCH_PATHS_QUOTED_FOR_TARGET_1)",
				);
				LIBRARY_SEARCH_PATHS_QUOTED_FOR_TARGET_1 = "\"$(SRCROOT)/../../lib_osx\"";
				OTHER_LDFLAGS = (
					"-framework",
					Carbon,
				);
				PREBINDING = NO;
				PRODUCT_NAME = grids_construct;
				WRAPPER_EXTENSION = app;
				ZERO_LINK = YES;
			};
			name = Debug;
		};
		54BA98D00E48ECBD00925F48 /* Release */ = {
			isa = XCBuildConfiguration;
			buildSettings = {
				COPY_PHASE_STRIP = YES;
				DEBUG_INFORMATION_FORMAT = "dwarf-with-dsym";
				GCC_ENABLE_FIX_AND_CONTINUE = NO;
				GCC_MODEL_TUNING = G5;
				GCC_PRECOMPILE_PREFIX_HEADER = YES;
				GCC_PREFIX_HEADER = "$(SYSTEM_LIBRARY_DIR)/Frameworks/Carbon.framework/Headers/Carbon.h";
				INFOPLIST_FILE = "grids_construct-Info.plist";
				INSTALL_PATH = "$(HOME)/Applications";
				LIBRARY_SEARCH_PATHS = (
					"$(inherited)",
					"$(LIBRARY_SEARCH_PATHS_QUOTED_FOR_TARGET_1)",
				);
				LIBRARY_SEARCH_PATHS_QUOTED_FOR_TARGET_1 = "\"$(SRCROOT)/../../lib_osx\"";
				OTHER_LDFLAGS = (
					"-framework",
					Carbon,
				);
				PREBINDING = NO;
				PRODUCT_NAME = grids_construct;
				WRAPPER_EXTENSION = app;
				ZERO_LINK = NO;
			};
			name = Release;
		};
/* End XCBuildConfiguration section */

/* Begin XCConfigurationList section */
		54BA98C00E48ECAF00925F48 /* Build configuration list for PBXProject "grids_view" */ = {
			isa = XCConfigurationList;
			buildConfigurations = (
				54BA98BE0E48ECAF00925F48 /* Debug */,
				54BA98BF0E48ECAF00925F48 /* Release */,
			);
			defaultConfigurationIsVisible = 0;
			defaultConfigurationName = Release;
		};
		54BA98D10E48ECBD00925F48 /* Build configuration list for PBXNativeTarget "grids_construct" */ = {
			isa = XCConfigurationList;
			buildConfigurations = (
				54BA98CF0E48ECBD00925F48 /* Debug */,
				54BA98D00E48ECBD00925F48 /* Release */,
			);
			defaultConfigurationIsVisible = 0;
			defaultConfigurationName = Release;
		};
/* End XCConfigurationList section */
	};
	rootObject = 54BA98BD0E48ECAF00925F48 /* Project object */;
}
